
Microsoft Visual Studio Solution File, Format Version 12.00
# Visual Studio Version 16
VisualStudioVersion = 16.0.31729.503
MinimumVisualStudioVersion = 10.0.40219.1
Project("{FAE04EC0-301F-11D3-BF4B-00C04F79EFBC}") = "WebApplication_C_sharp", "WebApplication_C_sharp\WebApplication_C_sharp.csproj", "{780E66C3-0228-402D-AD0A-5815CDF5EBE0}"
EndProject
Global
	GlobalSection(SolutionConfigurationPlatforms) = preSolution
		Debug|Any CPU = Debug|Any CPU
		Release|Any CPU = Release|Any CPU
	EndGlobalSection
	GlobalSection(ProjectConfigurationPlatforms) = postSolution
		{780E66C3-0228-402D-AD0A-5815CDF5EBE0}.Debug|Any CPU.ActiveCfg = Debug|Any CPU
		{780E66C3-0228-402D-AD0A-5815CDF5EBE0}.Debug|Any CPU.Build.0 = Debug|Any CPU
		{780E66C3-0228-402D-AD0A-5815CDF5EBE0}.Release|Any CPU.ActiveCfg = Release|Any CPU
		{780E66C3-0228-402D-AD0A-5815CDF5EBE0}.Release|Any CPU.Build.0 = Release|Any CPU
	EndGlobalSection
	GlobalSection(SolutionProperties) = preSolution
		HideSolutionNode = FALSE
	EndGlobalSection
	GlobalSection(ExtensibilityGlobals) = postSolution
		SolutionGuid = {171C3BE5-0247-4893-B9D4-41EFF9D033B3}
	EndGlobalSection
EndGlobal
